
Microsoft Visual Studio Solution File, Format Version 12.00
# Visual Studio Version 17
VisualStudioVersion = 17.8.34601.278
MinimumVisualStudioVersion = 10.0.40219.1
Project("{9A19103F-16F7-4668-BE54-9A1E7A4F7556}") = "Services", "..\Services\Services.csproj", "{C59A24BE-F1D8-4213-924A-03C1D7DE89F1}"
EndProject
Project("{FAE04EC0-301F-11D3-BF4B-00C04F79EFBC}") = "FinancialsFunctionsv2", "..\FinancialsFunctionsv2\FinancialsFunctionsv2.csproj", "{7169EEA0-ADF8-44DB-AB38-65F672D2C301}"
EndProject
Project("{FAE04EC0-301F-11D3-BF4B-00C04F79EFBC}") = "FunctionApp1", "..\FunctionApp1\FunctionApp1.csproj", "{34CEECC5-260B-4D4D-B746-B5D18F41C4E7}"
EndProject
Project("{FAE04EC0-301F-11D3-BF4B-00C04F79EFBC}") = "FunctionApp2", "..\FunctionApp2\FunctionApp2.csproj", "{E6176B24-24F1-4CFD-9275-647F738B0C18}"
EndProject
Global
	GlobalSection(SolutionConfigurationPlatforms) = preSolution
		Debug|Any CPU = Debug|Any CPU
		Release|Any CPU = Release|Any CPU
	EndGlobalSection
	GlobalSection(ProjectConfigurationPlatforms) = postSolution
		{C59A24BE-F1D8-4213-924A-03C1D7DE89F1}.Debug|Any CPU.ActiveCfg = Debug|Any CPU
		{C59A24BE-F1D8-4213-924A-03C1D7DE89F1}.Debug|Any CPU.Build.0 = Debug|Any CPU
		{C59A24BE-F1D8-4213-924A-03C1D7DE89F1}.Release|Any CPU.ActiveCfg = Release|Any CPU
		{C59A24BE-F1D8-4213-924A-03C1D7DE89F1}.Release|Any CPU.Build.0 = Release|Any CPU
		{7169EEA0-ADF8-44DB-AB38-65F672D2C301}.Debug|Any CPU.ActiveCfg = Debug|Any CPU
		{7169EEA0-ADF8-44DB-AB38-65F672D2C301}.Debug|Any CPU.Build.0 = Debug|Any CPU
		{7169EEA0-ADF8-44DB-AB38-65F672D2C301}.Release|Any CPU.ActiveCfg = Release|Any CPU
		{7169EEA0-ADF8-44DB-AB38-65F672D2C301}.Release|Any CPU.Build.0 = Release|Any CPU
		{34CEECC5-260B-4D4D-B746-B5D18F41C4E7}.Debug|Any CPU.ActiveCfg = Debug|Any CPU
		{34CEECC5-260B-4D4D-B746-B5D18F41C4E7}.Debug|Any CPU.Build.0 = Debug|Any CPU
		{34CEECC5-260B-4D4D-B746-B5D18F41C4E7}.Release|Any CPU.ActiveCfg = Release|Any CPU
		{34CEECC5-260B-4D4D-B746-B5D18F41C4E7}.Release|Any CPU.Build.0 = Release|Any CPU
		{E6176B24-24F1-4CFD-9275-647F738B0C18}.Debug|Any CPU.ActiveCfg = Debug|Any CPU
		{E6176B24-24F1-4CFD-9275-647F738B0C18}.Debug|Any CPU.Build.0 = Debug|Any CPU
		{E6176B24-24F1-4CFD-9275-647F738B0C18}.Release|Any CPU.ActiveCfg = Release|Any CPU
		{E6176B24-24F1-4CFD-9275-647F738B0C18}.Release|Any CPU.Build.0 = Release|Any CPU
	EndGlobalSection
	GlobalSection(SolutionProperties) = preSolution
		HideSolutionNode = FALSE
	EndGlobalSection
	GlobalSection(ExtensibilityGlobals) = postSolution
		SolutionGuid = {5DCE4D40-77A5-444E-BE4E-65D61D79F703}
	EndGlobalSection
EndGlobal
